
Microsoft Visual Studio Solution File, Format Version 12.00
# Visual Studio Version 16
VisualStudioVersion = 16.0.31702.278
MinimumVisualStudioVersion = 10.0.40219.1
Project("{FAE04EC0-301F-11D3-BF4B-00C04F79EFBC}") = "Spider", "Spider.csproj", "{782BC5A9-31F7-4E6A-AFBE-1A6C74CFE46D}"
EndProject
Project("{FAE04EC0-301F-11D3-BF4B-00C04F79EFBC}") = "VisualizarArquivo", "..\VisualizarArquivo\VisualizarArquivo.csproj", "{17E8B1D6-5D96-4C5F-BAC4-6E00F2E97E32}"
EndProject
Global
	GlobalSection(SolutionConfigurationPlatforms) = preSolution
		Debug|Any CPU = Debug|Any CPU
		Release|Any CPU = Release|Any CPU
	EndGlobalSection
	GlobalSection(ProjectConfigurationPlatforms) = postSolution
		{782BC5A9-31F7-4E6A-AFBE-1A6C74CFE46D}.Debug|Any CPU.ActiveCfg = Debug|Any CPU
		{782BC5A9-31F7-4E6A-AFBE-1A6C74CFE46D}.Debug|Any CPU.Build.0 = Debug|Any CPU
		{782BC5A9-31F7-4E6A-AFBE-1A6C74CFE46D}.Release|Any CPU.ActiveCfg = Release|Any CPU
		{782BC5A9-31F7-4E6A-AFBE-1A6C74CFE46D}.Release|Any CPU.Build.0 = Release|Any CPU
		{17E8B1D6-5D96-4C5F-BAC4-6E00F2E97E32}.Debug|Any CPU.ActiveCfg = Debug|Any CPU
		{17E8B1D6-5D96-4C5F-BAC4-6E00F2E97E32}.Debug|Any CPU.Build.0 = Debug|Any CPU
		{17E8B1D6-5D96-4C5F-BAC4-6E00F2E97E32}.Release|Any CPU.ActiveCfg = Release|Any CPU
		{17E8B1D6-5D96-4C5F-BAC4-6E00F2E97E32}.Release|Any CPU.Build.0 = Release|Any CPU
	EndGlobalSection
	GlobalSection(SolutionProperties) = preSolution
		HideSolutionNode = FALSE
	EndGlobalSection
	GlobalSection(ExtensibilityGlobals) = postSolution
		SolutionGuid = {EC937A64-5EA1-452D-89FC-78D413F9A49F}
	EndGlobalSection
EndGlobal
